
Microsoft Visual Studio Solution File, Format Version 12.00
# Visual Studio Version 17
VisualStudioVersion = 17.2.32519.379
MinimumVisualStudioVersion = 10.0.40219.1
Project("{FAE04EC0-301F-11D3-BF4B-00C04F79EFBC}") = "Demo", "Demo\Demo.csproj", "{75DD1D06-928B-400F-BC1C-3F63C3A6B28C}"
EndProject
Global
	GlobalSection(SolutionConfigurationPlatforms) = preSolution
		Debug|Any CPU = Debug|Any CPU
		Release|Any CPU = Release|Any CPU
	EndGlobalSection
	GlobalSection(ProjectConfigurationPlatforms) = postSolution
		{75DD1D06-928B-400F-BC1C-3F63C3A6B28C}.Debug|Any CPU.ActiveCfg = Debug|Any CPU
		{75DD1D06-928B-400F-BC1C-3F63C3A6B28C}.Debug|Any CPU.Build.0 = Debug|Any CPU
		{75DD1D06-928B-400F-BC1C-3F63C3A6B28C}.Release|Any CPU.ActiveCfg = Release|Any CPU
		{75DD1D06-928B-400F-BC1C-3F63C3A6B28C}.Release|Any CPU.Build.0 = Release|Any CPU
	EndGlobalSection
	GlobalSection(SolutionProperties) = preSolution
		HideSolutionNode = FALSE
	EndGlobalSection
	GlobalSection(ExtensibilityGlobals) = postSolution
		SolutionGuid = {7ACEDFEB-ACD1-4DE1-B64F-2AA084F2BFB4}
	EndGlobalSection
EndGlobal
